
Microsoft Visual Studio Solution File, Format Version 12.00
# Visual Studio Version 17
VisualStudioVersion = 17.12.35527.113
MinimumVisualStudioVersion = 10.0.40219.1
Project("{FAE04EC0-301F-11D3-BF4B-00C04F79EFBC}") = "SampleData", "SampleData\SampleData.csproj", "{5C5AC971-0978-4183-9AA8-2D05EFC785B8}"
EndProject
Project("{FAE04EC0-301F-11D3-BF4B-00C04F79EFBC}") = "TelerikAIExtensions", "TelerikAIExtensions\TelerikAIExtensions.csproj", "{7E9B0FBD-C40A-4B09-A254-23B7E8ABF8F2}"
EndProject
Project("{FAE04EC0-301F-11D3-BF4B-00C04F79EFBC}") = "TelerikAIExtensions.Tests", "NaturalLanguageGrid.Tests\TelerikAIExtensions.Tests.csproj", "{CBF4A86D-96D8-43E1-B15C-F5B616A0FCAA}"
EndProject
Project("{FAE04EC0-301F-11D3-BF4B-00C04F79EFBC}") = "NaturalLanguageGrid", "NaturalLanguageGrid\NaturalLanguageGrid.csproj", "{6C63B64F-C660-4AF6-861B-A95D35D591FA}"
EndProject
Global
	GlobalSection(SolutionConfigurationPlatforms) = preSolution
		Debug|Any CPU = Debug|Any CPU
		Release|Any CPU = Release|Any CPU
	EndGlobalSection
	GlobalSection(ProjectConfigurationPlatforms) = postSolution
		{5C5AC971-0978-4183-9AA8-2D05EFC785B8}.Debug|Any CPU.ActiveCfg = Debug|Any CPU
		{5C5AC971-0978-4183-9AA8-2D05EFC785B8}.Debug|Any CPU.Build.0 = Debug|Any CPU
		{5C5AC971-0978-4183-9AA8-2D05EFC785B8}.Release|Any CPU.ActiveCfg = Release|Any CPU
		{5C5AC971-0978-4183-9AA8-2D05EFC785B8}.Release|Any CPU.Build.0 = Release|Any CPU
		{7E9B0FBD-C40A-4B09-A254-23B7E8ABF8F2}.Debug|Any CPU.ActiveCfg = Debug|Any CPU
		{7E9B0FBD-C40A-4B09-A254-23B7E8ABF8F2}.Debug|Any CPU.Build.0 = Debug|Any CPU
		{7E9B0FBD-C40A-4B09-A254-23B7E8ABF8F2}.Release|Any CPU.ActiveCfg = Release|Any CPU
		{7E9B0FBD-C40A-4B09-A254-23B7E8ABF8F2}.Release|Any CPU.Build.0 = Release|Any CPU
		{CBF4A86D-96D8-43E1-B15C-F5B616A0FCAA}.Debug|Any CPU.ActiveCfg = Debug|Any CPU
		{CBF4A86D-96D8-43E1-B15C-F5B616A0FCAA}.Debug|Any CPU.Build.0 = Debug|Any CPU
		{CBF4A86D-96D8-43E1-B15C-F5B616A0FCAA}.Release|Any CPU.ActiveCfg = Release|Any CPU
		{CBF4A86D-96D8-43E1-B15C-F5B616A0FCAA}.Release|Any CPU.Build.0 = Release|Any CPU
		{6C63B64F-C660-4AF6-861B-A95D35D591FA}.Debug|Any CPU.ActiveCfg = Debug|Any CPU
		{6C63B64F-C660-4AF6-861B-A95D35D591FA}.Debug|Any CPU.Build.0 = Debug|Any CPU
		{6C63B64F-C660-4AF6-861B-A95D35D591FA}.Release|Any CPU.ActiveCfg = Release|Any CPU
		{6C63B64F-C660-4AF6-861B-A95D35D591FA}.Release|Any CPU.Build.0 = Release|Any CPU
	EndGlobalSection
	GlobalSection(SolutionProperties) = preSolution
		HideSolutionNode = FALSE
	EndGlobalSection
EndGlobal
